// !$*UTF8*$!
{
	archiveVersion = 1;
	classes = {
	};
	objectVersion = 50;
	objects = {

/* Begin PBXBuildFile section */
		FCACE33F23479F18004FA06A /* AppDelegate.swift in Sources */ = {isa = PBXBuildFile; fileRef = FCACE33E23479F18004FA06A /* AppDelegate.swift */; };
		FCACE34123479F18004FA06A /* SceneDelegate.swift in Sources */ = {isa = PBXBuildFile; fileRef = FCACE34023479F18004FA06A /* SceneDelegate.swift */; };
		FCACE34623479F18004FA06A /* Main.storyboard in Resources */ = {isa = PBXBuildFile; fileRef = FCACE34423479F18004FA06A /* Main.storyboard */; };
		FCACE34823479F1C004FA06A /* Assets.xcassets in Resources */ = {isa = PBXBuildFile; fileRef = FCACE34723479F1C004FA06A /* Assets.xcassets */; };
		FCACE34B23479F1C004FA06A /* LaunchScreen.storyboard in Resources */ = {isa = PBXBuildFile; fileRef = FCACE34923479F1C004FA06A /* LaunchScreen.storyboard */; };
/* End PBXBuildFile section */

/* Begin PBXFileReference section */
		FCACE33B23479F18004FA06A /* MovieSearch.app */ = {isa = PBXFileReference; explicitFileType = wrapper.application; includeInIndex = 0; path = MovieSearch.app; sourceTree = BUILT_PRODUCTS_DIR; };
		FCACE33E23479F18004FA06A /* AppDelegate.swift */ = {isa = PBXFileReference; lastKnownFileType = sourcecode.swift; path = AppDelegate.swift; sourceTree = "<group>"; };
		FCACE34023479F18004FA06A /* SceneDelegate.swift */ = {isa = PBXFileReference; lastKnownFileType = sourcecode.swift; path = SceneDelegate.swift; sourceTree = "<group>"; };
		FCACE34523479F18004FA06A /* Base */ = {isa = PBXFileReference; lastKnownFileType = file.storyboard; name = Base; path = Base.lproj/Main.storyboard; sourceTree = "<group>"; };
		FCACE34723479F1C004FA06A /* Assets.xcassets */ = {isa = PBXFileReference; lastKnownFileType = folder.assetcatalog; path = Assets.xcassets; sourceTree = "<group>"; };
		FCACE34A23479F1C004FA06A /* Base */ = {isa = PBXFileReference; lastKnownFileType = file.storyboard; name = Base; path = Base.lproj/LaunchScreen.storyboard; sourceTree = "<group>"; };
		FCACE34C23479F1C004FA06A /* Info.plist */ = {isa = PBXFileReference; lastKnownFileType = text.plist.xml; path = Info.plist; sourceTree = "<group>"; };
/* End PBXFileReference section */

/* Begin PBXFrameworksBuildPhase section */
		FCACE33823479F18004FA06A /* Frameworks */ = {
			isa = PBXFrameworksBuildPhase;
			buildActionMask = 2147483647;
			files = (
			);
			runOnlyForDeploymentPostprocessing = 0;
		};
/* End PBXFrameworksBuildPhase section */

/* Begin PBXGroup section */
		FCACE33223479F18004FA06A = {
			isa = PBXGroup;
			children = (
				FCACE33D23479F18004FA06A /* MovieSearch */,
				FCACE33C23479F18004FA06A /* Products */,
			);
			sourceTree = "<group>";
		};
		FCACE33C23479F18004FA06A /* Products */ = {
			isa = PBXGroup;
			children = (
				FCACE33B23479F18004FA06A /* MovieSearch.app */,
			);
			name = Products;
			sourceTree = "<group>";
		};
		FCACE33D23479F18004FA06A /* MovieSearch */ = {
			isa = PBXGroup;
			children = (
				FCACE35323479F42004FA06A /* Models */,
				FCACE35423479F48004FA06A /* Controllers */,
				FCACE35523479F4D004FA06A /* Views */,
				FCACE35223479F24004FA06A /* Supporting Files */,
			);
			path = MovieSearch;
			sourceTree = "<group>";
		};
		FCACE35223479F24004FA06A /* Supporting Files */ = {
			isa = PBXGroup;
			children = (
				FCACE33E23479F18004FA06A /* AppDelegate.swift */,
				FCACE34023479F18004FA06A /* SceneDelegate.swift */,
				FCACE34723479F1C004FA06A /* Assets.xcassets */,
				FCACE34923479F1C004FA06A /* LaunchScreen.storyboard */,
				FCACE34C23479F1C004FA06A /* Info.plist */,
			);
			name = "Supporting Files";
			sourceTree = "<group>";
		};
		FCACE35323479F42004FA06A /* Models */ = {
			isa = PBXGroup;
			children = (
				FCACE35823479F7F004FA06A /* Helper Files */,
			);
			name = Models;
			sourceTree = "<group>";
		};
		FCACE35423479F48004FA06A /* Controllers */ = {
			isa = PBXGroup;
			children = (
				FCACE35723479F7B004FA06A /* Model Controllers */,
				FCACE35623479F77004FA06A /* View Controllers */,
			);
			name = Controllers;
			sourceTree = "<group>";
		};
		FCACE35523479F4D004FA06A /* Views */ = {
			isa = PBXGroup;
			children = (
				FCACE34423479F18004FA06A /* Main.storyboard */,
			);
			name = Views;
			sourceTree = "<group>";
		};
		FCACE35623479F77004FA06A /* View Controllers */ = {
			isa = PBXGroup;
			children = (
			);
			name = "View Controllers";
			sourceTree = "<group>";
		};
		FCACE35723479F7B004FA06A /* Model Controllers */ = {
			isa = PBXGroup;
			children = (
			);
			name = "Model Controllers";
			sourceTree = "<group>";
		};
		FCACE35823479F7F004FA06A /* Helper Files */ = {
			isa = PBXGroup;
			children = (
			);
			name = "Helper Files";
			sourceTree = "<group>";
		};
/* End PBXGroup section */

/* Begin PBXNativeTarget section */
		FCACE33A23479F18004FA06A /* MovieSearch */ = {
			isa = PBXNativeTarget;
			buildConfigurationList = FCACE34F23479F1C004FA06A /* Build configuration list for PBXNativeTarget "MovieSearch" */;
			buildPhases = (
				FCACE33723479F18004FA06A /* Sources */,
				FCACE33823479F18004FA06A /* Frameworks */,
				FCACE33923479F18004FA06A /* Resources */,
			);
			buildRules = (
			);
			dependencies = (
			);
			name = MovieSearch;
			productName = MovieSearch;
			productReference = FCACE33B23479F18004FA06A /* MovieSearch.app */;
			productType = "com.apple.product-type.application";
		};
/* End PBXNativeTarget section */

/* Begin PBXProject section */
		FCACE33323479F18004FA06A /* Project object */ = {
			isa = PBXProject;
			attributes = {
				LastSwiftUpdateCheck = 1100;
				LastUpgradeCheck = 1100;
				ORGANIZATIONNAME = "Bethany Wride";
				TargetAttributes = {
					FCACE33A23479F18004FA06A = {
						CreatedOnToolsVersion = 11.0;
					};
				};
			};
			buildConfigurationList = FCACE33623479F18004FA06A /* Build configuration list for PBXProject "MovieSearch" */;
			compatibilityVersion = "Xcode 9.3";
			developmentRegion = en;
			hasScannedForEncodings = 0;
			knownRegions = (
				en,
				Base,
			);
			mainGroup = FCACE33223479F18004FA06A;
			productRefGroup = FCACE33C23479F18004FA06A /* Products */;
			projectDirPath = "";
			projectRoot = "";
			targets = (
				FCACE33A23479F18004FA06A /* MovieSearch */,
			);
		};
/* End PBXProject section */

/* Begin PBXResourcesBuildPhase section */
		FCACE33923479F18004FA06A /* Resources */ = {
			isa = PBXResourcesBuildPhase;
			buildActionMask = 2147483647;
			files = (
				FCACE34B23479F1C004FA06A /* LaunchScreen.storyboard in Resources */,
				FCACE34823479F1C004FA06A /* Assets.xcassets in Resources */,
				FCACE34623479F18004FA06A /* Main.storyboard in Resources */,
			);
			runOnlyForDeploymentPostprocessing = 0;
		};
/* End PBXResourcesBuildPhase section */

/* Begin PBXSourcesBuildPhase section */
		FCACE33723479F18004FA06A /* Sources */ = {
			isa = PBXSourcesBuildPhase;
			buildActionMask = 2147483647;
			files = (
				FCACE33F23479F18004FA06A /* AppDelegate.swift in Sources */,
				FCACE34123479F18004FA06A /* SceneDelegate.swift in Sources */,
			);
			runOnlyForDeploymentPostprocessing = 0;
		};
/* End PBXSourcesBuildPhase section */

/* Begin PBXVariantGroup section */
		FCACE34423479F18004FA06A /* Main.storyboard */ = {
			isa = PBXVariantGroup;
			children = (
				FCACE34523479F18004FA06A /* Base */,
			);
			name = Main.storyboard;
			sourceTree = "<group>";
		};
		FCACE34923479F1C004FA06A /* LaunchScreen.storyboard */ = {
			isa = PBXVariantGroup;
			children = (
				FCACE34A23479F1C004FA06A /* Base */,
			);
			name = LaunchScreen.storyboard;
			sourceTree = "<group>";
		};
/* End PBXVariantGroup section */

/* Begin XCBuildConfiguration section */
		FCACE34D23479F1C004FA06A /* Debug */ = {
			isa = XCBuildConfiguration;
			buildSettings = {
				ALWAYS_SEARCH_USER_PATHS = NO;
				CLANG_ANALYZER_NONNULL = YES;
				CLANG_ANALYZER_NUMBER_OBJECT_CONVERSION = YES_AGGRESSIVE;
				CLANG_CXX_LANGUAGE_STANDARD = "gnu++14";
				CLANG_CXX_LIBRARY = "libc++";
				CLANG_ENABLE_MODULES = YES;
				CLANG_ENABLE_OBJC_ARC = YES;
				CLANG_ENABLE_OBJC_WEAK = YES;
				CLANG_WARN_BLOCK_CAPTURE_AUTORELEASING = YES;
				CLANG_WARN_BOOL_CONVERSION = YES;
				CLANG_WARN_COMMA = YES;
				CLANG_WARN_CONSTANT_CONVERSION = YES;
				CLANG_WARN_DEPRECATED_OBJC_IMPLEMENTATIONS = YES;
				CLANG_WARN_DIRECT_OBJC_ISA_USAGE = YES_ERROR;
				CLANG_WARN_DOCUMENTATION_COMMENTS = YES;
				CLANG_WARN_EMPTY_BODY = YES;
				CLANG_WARN_ENUM_CONVERSION = YES;
				CLANG_WARN_INFINITE_RECURSION = YES;
				CLANG_WARN_INT_CONVERSION = YES;
				CLANG_WARN_NON_LITERAL_NULL_CONVERSION = YES;
				CLANG_WARN_OBJC_IMPLICIT_RETAIN_SELF = YES;
				CLANG_WARN_OBJC_LITERAL_CONVERSION = YES;
				CLANG_WARN_OBJC_ROOT_CLASS = YES_ERROR;
				CLANG_WARN_RANGE_LOOP_ANALYSIS = YES;
				CLANG_WARN_STRICT_PROTOTYPES = YES;
				CLANG_WARN_SUSPICIOUS_MOVE = YES;
				CLANG_WARN_UNGUARDED_AVAILABILITY = YES_AGGRESSIVE;
				CLANG_WARN_UNREACHABLE_CODE = YES;
				CLANG_WARN__DUPLICATE_METHOD_MATCH = YES;
				COPY_PHASE_STRIP = NO;
				DEBUG_INFORMATION_FORMAT = dwarf;
				ENABLE_STRICT_OBJC_MSGSEND = YES;
				ENABLE_TESTABILITY = YES;
				GCC_C_LANGUAGE_STANDARD = gnu11;
				GCC_DYNAMIC_NO_PIC = NO;
				GCC_NO_COMMON_BLOCKS = YES;
				GCC_OPTIMIZATION_LEVEL = 0;
				GCC_PREPROCESSOR_DEFINITIONS = (
					"DEBUG=1",
					"$(inherited)",
				);
				GCC_WARN_64_TO_32_BIT_CONVERSION = YES;
				GCC_WARN_ABOUT_RETURN_TYPE = YES_ERROR;
				GCC_WARN_UNDECLARED_SELECTOR = YES;
				GCC_WARN_UNINITIALIZED_AUTOS = YES_AGGRESSIVE;
				GCC_WARN_UNUSED_FUNCTION = YES;
				GCC_WARN_UNUSED_VARIABLE = YES;
				IPHONEOS_DEPLOYMENT_TARGET = 13.0;
				MTL_ENABLE_DEBUG_INFO = INCLUDE_SOURCE;
				MTL_FAST_MATH = YES;
				ONLY_ACTIVE_ARCH = YES;
				SDKROOT = iphoneos;
				SWIFT_ACTIVE_COMPILATION_CONDITIONS = DEBUG;
				SWIFT_OPTIMIZATION_LEVEL = "-Onone";
			};
			name = Debug;
		};
		FCACE34E23479F1C004FA06A /* Release */ = {
			isa = XCBuildConfiguration;
			buildSettings = {
				ALWAYS_SEARCH_USER_PATHS = NO;
				CLANG_ANALYZER_NONNULL = YES;
				CLANG_ANALYZER_NUMBER_OBJECT_CONVERSION = YES_AGGRESSIVE;
				CLANG_CXX_LANGUAGE_STANDARD = "gnu++14";
				CLANG_CXX_LIBRARY = "libc++";
				CLANG_ENABLE_MODULES = YES;
				CLANG_ENABLE_OBJC_ARC = YES;
				CLANG_ENABLE_OBJC_WEAK = YES;
				CLANG_WARN_BLOCK_CAPTURE_AUTORELEASING = YES;
				CLANG_WARN_BOOL_CONVERSION = YES;
				CLANG_WARN_COMMA = YES;
				CLANG_WARN_CONSTANT_CONVERSION = YES;
				CLANG_WARN_DEPRECATED_OBJC_IMPLEMENTATIONS = YES;
				CLANG_WARN_DIRECT_OBJC_ISA_USAGE = YES_ERROR;
				CLANG_WARN_DOCUMENTATION_COMMENTS = YES;
				CLANG_WARN_EMPTY_BODY = YES;
				CLANG_WARN_ENUM_CONVERSION = YES;
				CLANG_WARN_INFINITE_RECURSION = YES;
				CLANG_WARN_INT_CONVERSION = YES;
				CLANG_WARN_NON_LITERAL_NULL_CONVERSION = YES;
				CLANG_WARN_OBJC_IMPLICIT_RETAIN_SELF = YES;
				CLANG_WARN_OBJC_LITERAL_CONVERSION = YES;
				CLANG_WARN_OBJC_ROOT_CLASS = YES_ERROR;
				CLANG_WARN_RANGE_LOOP_ANALYSIS = YES;
				CLANG_WARN_STRICT_PROTOTYPES = YES;
				CLANG_WARN_SUSPICIOUS_MOVE = YES;
				CLANG_WARN_UNGUARDED_AVAILABILITY = YES_AGGRESSIVE;
				CLANG_WARN_UNREACHABLE_CODE = YES;
				CLANG_WARN__DUPLICATE_METHOD_MATCH = YES;
				COPY_PHASE_STRIP = NO;
				DEBUG_INFORMATION_FORMAT = "dwarf-with-dsym";
				ENABLE_NS_ASSERTIONS = NO;
				ENABLE_STRICT_OBJC_MSGSEND = YES;
				GCC_C_LANGUAGE_STANDARD = gnu11;
				GCC_NO_COMMON_BLOCKS = YES;
				GCC_WARN_64_TO_32_BIT_CONVERSION = YES;
				GCC_WARN_ABOUT_RETURN_TYPE = YES_ERROR;
				GCC_WARN_UNDECLARED_SELECTOR = YES;
				GCC_WARN_UNINITIALIZED_AUTOS = YES_AGGRESSIVE;
				GCC_WARN_UNUSED_FUNCTION = YES;
				GCC_WARN_UNUSED_VARIABLE = YES;
				IPHONEOS_DEPLOYMENT_TARGET = 13.0;
				MTL_ENABLE_DEBUG_INFO = NO;
				MTL_FAST_MATH = YES;
				SDKROOT = iphoneos;
				SWIFT_COMPILATION_MODE = wholemodule;
				SWIFT_OPTIMIZATION_LEVEL = "-O";
				VALIDATE_PRODUCT = YES;
			};
			name = Release;
		};
		FCACE35023479F1C004FA06A /* Debug */ = {
			isa = XCBuildConfiguration;
			buildSettings = {
				ASSETCATALOG_COMPILER_APPICON_NAME = AppIcon;
				CODE_SIGN_STYLE = Automatic;
				INFOPLIST_FILE = MovieSearch/Info.plist;
				LD_RUNPATH_SEARCH_PATHS = (
					"$(inherited)",
					"@executable_path/Frameworks",
				);
				PRODUCT_BUNDLE_IDENTIFIER = com.example.MovieSearch;
				PRODUCT_NAME = "$(TARGET_NAME)";
				SWIFT_VERSION = 5.0;
				TARGETED_DEVICE_FAMILY = "1,2";
			};
			name = Debug;
		};
		FCACE35123479F1C004FA06A /* Release */ = {
			isa = XCBuildConfiguration;
			buildSettings = {
				ASSETCATALOG_COMPILER_APPICON_NAME = AppIcon;
				CODE_SIGN_STYLE = Automatic;
				INFOPLIST_FILE = MovieSearch/Info.plist;
				LD_RUNPATH_SEARCH_PATHS = (
					"$(inherited)",
					"@executable_path/Frameworks",
				);
				PRODUCT_BUNDLE_IDENTIFIER = com.example.MovieSearch;
				PRODUCT_NAME = "$(TARGET_NAME)";
				SWIFT_VERSION = 5.0;
				TARGETED_DEVICE_FAMILY = "1,2";
			};
			name = Release;
		};
/* End XCBuildConfiguration section */

/* Begin XCConfigurationList section */
		FCACE33623479F18004FA06A /* Build configuration list for PBXProject "MovieSearch" */ = {
			isa = XCConfigurationList;
			buildConfigurations = (
				FCACE34D23479F1C004FA06A /* Debug */,
				FCACE34E23479F1C004FA06A /* Release */,
			);
			defaultConfigurationIsVisible = 0;
			defaultConfigurationName = Release;
		};
		FCACE34F23479F1C004FA06A /* Build configuration list for PBXNativeTarget "MovieSearch" */ = {
			isa = XCConfigurationList;
			buildConfigurations = (
				FCACE35023479F1C004FA06A /* Debug */,
				FCACE35123479F1C004FA06A /* Release */,
			);
			defaultConfigurationIsVisible = 0;
			defaultConfigurationName = Release;
		};
/* End XCConfigurationList section */
	};
	rootObject = FCACE33323479F18004FA06A /* Project object */;
}
